
Microsoft Visual Studio Solution File, Format Version 12.00
# Visual Studio Version 17
VisualStudioVersion = 17.14.37027.9 d17.14
MinimumVisualStudioVersion = 10.0.40219.1
Project("{FAE04EC0-301F-11D3-BF4B-00C04F79EFBC}") = "Example7 Audio API", "Example7 Audio API.csproj", "{17763A58-D738-4F58-B619-BE6E77461B50}"
EndProject
Global
	GlobalSection(SolutionConfigurationPlatforms) = preSolution
		Debug|Any CPU = Debug|Any CPU
		Release|Any CPU = Release|Any CPU
	EndGlobalSection
	GlobalSection(ProjectConfigurationPlatforms) = postSolution
		{17763A58-D738-4F58-B619-BE6E77461B50}.Debug|Any CPU.ActiveCfg = Debug|Any CPU
		{17763A58-D738-4F58-B619-BE6E77461B50}.Debug|Any CPU.Build.0 = Debug|Any CPU
		{17763A58-D738-4F58-B619-BE6E77461B50}.Release|Any CPU.ActiveCfg = Release|Any CPU
		{17763A58-D738-4F58-B619-BE6E77461B50}.Release|Any CPU.Build.0 = Release|Any CPU
	EndGlobalSection
	GlobalSection(SolutionProperties) = preSolution
		HideSolutionNode = FALSE
	EndGlobalSection
	GlobalSection(ExtensibilityGlobals) = postSolution
		SolutionGuid = {A8C1257B-C64D-4728-8A44-49D58D3AF026}
	EndGlobalSection
EndGlobal
